
Microsoft Visual Studio Solution File, Format Version 12.00
# Visual Studio Version 16
VisualStudioVersion = 16.0.29911.84
MinimumVisualStudioVersion = 10.0.40219.1
Project("{FAE04EC0-301F-11D3-BF4B-00C04F79EFBC}") = "Tugasclassdanobjek", "Tugasclassdanobjek\Tugasclassdanobjek.csproj", "{21B350F8-989D-4469-8DE2-E7C5AE922583}"
EndProject
Global
	GlobalSection(SolutionConfigurationPlatforms) = preSolution
		Debug|Any CPU = Debug|Any CPU
		Release|Any CPU = Release|Any CPU
	EndGlobalSection
	GlobalSection(ProjectConfigurationPlatforms) = postSolution
		{21B350F8-989D-4469-8DE2-E7C5AE922583}.Debug|Any CPU.ActiveCfg = Debug|Any CPU
		{21B350F8-989D-4469-8DE2-E7C5AE922583}.Debug|Any CPU.Build.0 = Debug|Any CPU
		{21B350F8-989D-4469-8DE2-E7C5AE922583}.Release|Any CPU.ActiveCfg = Release|Any CPU
		{21B350F8-989D-4469-8DE2-E7C5AE922583}.Release|Any CPU.Build.0 = Release|Any CPU
	EndGlobalSection
	GlobalSection(SolutionProperties) = preSolution
		HideSolutionNode = FALSE
	EndGlobalSection
	GlobalSection(ExtensibilityGlobals) = postSolution
		SolutionGuid = {FFF30E3F-2A56-4363-96DA-3797120FD379}
	EndGlobalSection
EndGlobal
